// !$*UTF8*$!
{
	archiveVersion = 1;
	classes = {
	};
	objectVersion = 50;
	objects = {

/* Begin PBXBuildFile section */
		B40DB9C7243F39C200504B05 /* AppDelegate.swift in Sources */ = {isa = PBXBuildFile; fileRef = B40DB9C6243F39C200504B05 /* AppDelegate.swift */; };
		B40DB9C9243F39C200504B05 /* SceneDelegate.swift in Sources */ = {isa = PBXBuildFile; fileRef = B40DB9C8243F39C200504B05 /* SceneDelegate.swift */; };
		B40DB9CB243F39C200504B05 /* WelcomeVC.swift in Sources */ = {isa = PBXBuildFile; fileRef = B40DB9CA243F39C200504B05 /* WelcomeVC.swift */; };
		B40DB9CE243F39C200504B05 /* Main.storyboard in Resources */ = {isa = PBXBuildFile; fileRef = B40DB9CC243F39C200504B05 /* Main.storyboard */; };
		B40DB9D0243F39C300504B05 /* Assets.xcassets in Resources */ = {isa = PBXBuildFile; fileRef = B40DB9CF243F39C300504B05 /* Assets.xcassets */; };
		B40DB9D3243F39C300504B05 /* LaunchScreen.storyboard in Resources */ = {isa = PBXBuildFile; fileRef = B40DB9D1243F39C300504B05 /* LaunchScreen.storyboard */; };
		B40DB9DC243F3EA400504B05 /* CustomButton.swift in Sources */ = {isa = PBXBuildFile; fileRef = B40DB9DB243F3EA400504B05 /* CustomButton.swift */; };
		B4479107243F4A3300427A65 /* profileVC.swift in Sources */ = {isa = PBXBuildFile; fileRef = B4479106243F4A3300427A65 /* profileVC.swift */; };
		B447910A243F682600427A65 /* User.swift in Sources */ = {isa = PBXBuildFile; fileRef = B4479109243F682600427A65 /* User.swift */; };
		B46B7017243FA5700073E97D /* StarSign.swift in Sources */ = {isa = PBXBuildFile; fileRef = B46B7016243FA5700073E97D /* StarSign.swift */; };
		B46B701B243FB01B0073E97D /* starDates.swift in Sources */ = {isa = PBXBuildFile; fileRef = B46B701A243FB01B0073E97D /* starDates.swift */; };
/* End PBXBuildFile section */

/* Begin PBXFileReference section */
		B40DB9C3243F39C200504B05 /* star-signs.app */ = {isa = PBXFileReference; explicitFileType = wrapper.application; includeInIndex = 0; path = "star-signs.app"; sourceTree = BUILT_PRODUCTS_DIR; };
		B40DB9C6243F39C200504B05 /* AppDelegate.swift */ = {isa = PBXFileReference; lastKnownFileType = sourcecode.swift; path = AppDelegate.swift; sourceTree = "<group>"; };
		B40DB9C8243F39C200504B05 /* SceneDelegate.swift */ = {isa = PBXFileReference; lastKnownFileType = sourcecode.swift; path = SceneDelegate.swift; sourceTree = "<group>"; };
		B40DB9CA243F39C200504B05 /* WelcomeVC.swift */ = {isa = PBXFileReference; lastKnownFileType = sourcecode.swift; path = WelcomeVC.swift; sourceTree = "<group>"; };
		B40DB9CD243F39C200504B05 /* Base */ = {isa = PBXFileReference; lastKnownFileType = file.storyboard; name = Base; path = Base.lproj/Main.storyboard; sourceTree = "<group>"; };
		B40DB9CF243F39C300504B05 /* Assets.xcassets */ = {isa = PBXFileReference; lastKnownFileType = folder.assetcatalog; path = Assets.xcassets; sourceTree = "<group>"; };
		B40DB9D2243F39C300504B05 /* Base */ = {isa = PBXFileReference; lastKnownFileType = file.storyboard; name = Base; path = Base.lproj/LaunchScreen.storyboard; sourceTree = "<group>"; };
		B40DB9D4243F39C300504B05 /* Info.plist */ = {isa = PBXFileReference; lastKnownFileType = text.plist.xml; path = Info.plist; sourceTree = "<group>"; };
		B40DB9DB243F3EA400504B05 /* CustomButton.swift */ = {isa = PBXFileReference; lastKnownFileType = sourcecode.swift; path = CustomButton.swift; sourceTree = "<group>"; };
		B4479106243F4A3300427A65 /* profileVC.swift */ = {isa = PBXFileReference; lastKnownFileType = sourcecode.swift; path = profileVC.swift; sourceTree = "<group>"; };
		B4479109243F682600427A65 /* User.swift */ = {isa = PBXFileReference; lastKnownFileType = sourcecode.swift; path = User.swift; sourceTree = "<group>"; };
		B46B7016243FA5700073E97D /* StarSign.swift */ = {isa = PBXFileReference; lastKnownFileType = sourcecode.swift; path = StarSign.swift; sourceTree = "<group>"; };
		B46B701A243FB01B0073E97D /* starDates.swift */ = {isa = PBXFileReference; lastKnownFileType = sourcecode.swift; path = starDates.swift; sourceTree = "<group>"; };
/* End PBXFileReference section */

/* Begin PBXFrameworksBuildPhase section */
		B40DB9C0243F39C200504B05 /* Frameworks */ = {
			isa = PBXFrameworksBuildPhase;
			buildActionMask = 2147483647;
			files = (
			);
			runOnlyForDeploymentPostprocessing = 0;
		};
/* End PBXFrameworksBuildPhase section */

/* Begin PBXGroup section */
		B40DB9BA243F39C200504B05 = {
			isa = PBXGroup;
			children = (
				B40DB9C5243F39C200504B05 /* star-signs */,
				B40DB9C4243F39C200504B05 /* Products */,
			);
			sourceTree = "<group>";
		};
		B40DB9C4243F39C200504B05 /* Products */ = {
			isa = PBXGroup;
			children = (
				B40DB9C3243F39C200504B05 /* star-signs.app */,
			);
			name = Products;
			sourceTree = "<group>";
		};
		B40DB9C5243F39C200504B05 /* star-signs */ = {
			isa = PBXGroup;
			children = (
				B46B701C243FB0470073E97D /* Extensions */,
				B4479108243F67E200427A65 /* Model */,
				B40DB9DD243F456A00504B05 /* Controller */,
				B40DB9DA243F3E6A00504B05 /* Views */,
				B40DB9C6243F39C200504B05 /* AppDelegate.swift */,
				B40DB9C8243F39C200504B05 /* SceneDelegate.swift */,
				B40DB9CC243F39C200504B05 /* Main.storyboard */,
				B40DB9CF243F39C300504B05 /* Assets.xcassets */,
				B40DB9D1243F39C300504B05 /* LaunchScreen.storyboard */,
				B40DB9D4243F39C300504B05 /* Info.plist */,
			);
			path = "star-signs";
			sourceTree = "<group>";
		};
		B40DB9DA243F3E6A00504B05 /* Views */ = {
			isa = PBXGroup;
			children = (
				B40DB9DB243F3EA400504B05 /* CustomButton.swift */,
			);
			path = Views;
			sourceTree = "<group>";
		};
		B40DB9DD243F456A00504B05 /* Controller */ = {
			isa = PBXGroup;
			children = (
				B40DB9CA243F39C200504B05 /* WelcomeVC.swift */,
				B4479106243F4A3300427A65 /* profileVC.swift */,
			);
			path = Controller;
			sourceTree = "<group>";
		};
		B4479108243F67E200427A65 /* Model */ = {
			isa = PBXGroup;
			children = (
				B4479109243F682600427A65 /* User.swift */,
				B46B7016243FA5700073E97D /* StarSign.swift */,
			);
			path = Model;
			sourceTree = "<group>";
		};
		B46B701C243FB0470073E97D /* Extensions */ = {
			isa = PBXGroup;
			children = (
				B46B701A243FB01B0073E97D /* starDates.swift */,
			);
			path = Extensions;
			sourceTree = "<group>";
		};
/* End PBXGroup section */

/* Begin PBXNativeTarget section */
		B40DB9C2243F39C200504B05 /* star-signs */ = {
			isa = PBXNativeTarget;
			buildConfigurationList = B40DB9D7243F39C300504B05 /* Build configuration list for PBXNativeTarget "star-signs" */;
			buildPhases = (
				B40DB9BF243F39C200504B05 /* Sources */,
				B40DB9C0243F39C200504B05 /* Frameworks */,
				B40DB9C1243F39C200504B05 /* Resources */,
			);
			buildRules = (
			);
			dependencies = (
			);
			name = "star-signs";
			productName = "star-signs";
			productReference = B40DB9C3243F39C200504B05 /* star-signs.app */;
			productType = "com.apple.product-type.application";
		};
/* End PBXNativeTarget section */

/* Begin PBXProject section */
		B40DB9BB243F39C200504B05 /* Project object */ = {
			isa = PBXProject;
			attributes = {
				LastSwiftUpdateCheck = 1130;
				LastUpgradeCheck = 1130;
				ORGANIZATIONNAME = "Aaron Johal";
				TargetAttributes = {
					B40DB9C2243F39C200504B05 = {
						CreatedOnToolsVersion = 11.3;
					};
				};
			};
			buildConfigurationList = B40DB9BE243F39C200504B05 /* Build configuration list for PBXProject "star-signs" */;
			compatibilityVersion = "Xcode 9.3";
			developmentRegion = en;
			hasScannedForEncodings = 0;
			knownRegions = (
				en,
				Base,
			);
			mainGroup = B40DB9BA243F39C200504B05;
			productRefGroup = B40DB9C4243F39C200504B05 /* Products */;
			projectDirPath = "";
			projectRoot = "";
			targets = (
				B40DB9C2243F39C200504B05 /* star-signs */,
			);
		};
/* End PBXProject section */

/* Begin PBXResourcesBuildPhase section */
		B40DB9C1243F39C200504B05 /* Resources */ = {
			isa = PBXResourcesBuildPhase;
			buildActionMask = 2147483647;
			files = (
				B40DB9D3243F39C300504B05 /* LaunchScreen.storyboard in Resources */,
				B40DB9D0243F39C300504B05 /* Assets.xcassets in Resources */,
				B40DB9CE243F39C200504B05 /* Main.storyboard in Resources */,
			);
			runOnlyForDeploymentPostprocessing = 0;
		};
/* End PBXResourcesBuildPhase section */

/* Begin PBXSourcesBuildPhase section */
		B40DB9BF243F39C200504B05 /* Sources */ = {
			isa = PBXSourcesBuildPhase;
			buildActionMask = 2147483647;
			files = (
				B40DB9DC243F3EA400504B05 /* CustomButton.swift in Sources */,
				B40DB9CB243F39C200504B05 /* WelcomeVC.swift in Sources */,
				B447910A243F682600427A65 /* User.swift in Sources */,
				B40DB9C7243F39C200504B05 /* AppDelegate.swift in Sources */,
				B40DB9C9243F39C200504B05 /* SceneDelegate.swift in Sources */,
				B46B701B243FB01B0073E97D /* starDates.swift in Sources */,
				B46B7017243FA5700073E97D /* StarSign.swift in Sources */,
				B4479107243F4A3300427A65 /* profileVC.swift in Sources */,
			);
			runOnlyForDeploymentPostprocessing = 0;
		};
/* End PBXSourcesBuildPhase section */

/* Begin PBXVariantGroup section */
		B40DB9CC243F39C200504B05 /* Main.storyboard */ = {
			isa = PBXVariantGroup;
			children = (
				B40DB9CD243F39C200504B05 /* Base */,
			);
			name = Main.storyboard;
			sourceTree = "<group>";
		};
		B40DB9D1243F39C300504B05 /* LaunchScreen.storyboard */ = {
			isa = PBXVariantGroup;
			children = (
				B40DB9D2243F39C300504B05 /* Base */,
			);
			name = LaunchScreen.storyboard;
			sourceTree = "<group>";
		};
/* End PBXVariantGroup section */

/* Begin XCBuildConfiguration section */
		B40DB9D5243F39C300504B05 /* Debug */ = {
			isa = XCBuildConfiguration;
			buildSettings = {
				ALWAYS_SEARCH_USER_PATHS = NO;
				CLANG_ANALYZER_NONNULL = YES;
				CLANG_ANALYZER_NUMBER_OBJECT_CONVERSION = YES_AGGRESSIVE;
				CLANG_CXX_LANGUAGE_STANDARD = "gnu++14";
				CLANG_CXX_LIBRARY = "libc++";
				CLANG_ENABLE_MODULES = YES;
				CLANG_ENABLE_OBJC_ARC = YES;
				CLANG_ENABLE_OBJC_WEAK = YES;
				CLANG_WARN_BLOCK_CAPTURE_AUTORELEASING = YES;
				CLANG_WARN_BOOL_CONVERSION = YES;
				CLANG_WARN_COMMA = YES;
				CLANG_WARN_CONSTANT_CONVERSION = YES;
				CLANG_WARN_DEPRECATED_OBJC_IMPLEMENTATIONS = YES;
				CLANG_WARN_DIRECT_OBJC_ISA_USAGE = YES_ERROR;
				CLANG_WARN_DOCUMENTATION_COMMENTS = YES;
				CLANG_WARN_EMPTY_BODY = YES;
				CLANG_WARN_ENUM_CONVERSION = YES;
				CLANG_WARN_INFINITE_RECURSION = YES;
				CLANG_WARN_INT_CONVERSION = YES;
				CLANG_WARN_NON_LITERAL_NULL_CONVERSION = YES;
				CLANG_WARN_OBJC_IMPLICIT_RETAIN_SELF = YES;
				CLANG_WARN_OBJC_LITERAL_CONVERSION = YES;
				CLANG_WARN_OBJC_ROOT_CLASS = YES_ERROR;
				CLANG_WARN_RANGE_LOOP_ANALYSIS = YES;
				CLANG_WARN_STRICT_PROTOTYPES = YES;
				CLANG_WARN_SUSPICIOUS_MOVE = YES;
				CLANG_WARN_UNGUARDED_AVAILABILITY = YES_AGGRESSIVE;
				CLANG_WARN_UNREACHABLE_CODE = YES;
				CLANG_WARN__DUPLICATE_METHOD_MATCH = YES;
				COPY_PHASE_STRIP = NO;
				DEBUG_INFORMATION_FORMAT = dwarf;
				ENABLE_STRICT_OBJC_MSGSEND = YES;
				ENABLE_TESTABILITY = YES;
				GCC_C_LANGUAGE_STANDARD = gnu11;
				GCC_DYNAMIC_NO_PIC = NO;
				GCC_NO_COMMON_BLOCKS = YES;
				GCC_OPTIMIZATION_LEVEL = 0;
				GCC_PREPROCESSOR_DEFINITIONS = (
					"DEBUG=1",
					"$(inherited)",
				);
				GCC_WARN_64_TO_32_BIT_CONVERSION = YES;
				GCC_WARN_ABOUT_RETURN_TYPE = YES_ERROR;
				GCC_WARN_UNDECLARED_SELECTOR = YES;
				GCC_WARN_UNINITIALIZED_AUTOS = YES_AGGRESSIVE;
				GCC_WARN_UNUSED_FUNCTION = YES;
				GCC_WARN_UNUSED_VARIABLE = YES;
				IPHONEOS_DEPLOYMENT_TARGET = 13.2;
				MTL_ENABLE_DEBUG_INFO = INCLUDE_SOURCE;
				MTL_FAST_MATH = YES;
				ONLY_ACTIVE_ARCH = YES;
				SDKROOT = iphoneos;
				SWIFT_ACTIVE_COMPILATION_CONDITIONS = DEBUG;
				SWIFT_OPTIMIZATION_LEVEL = "-Onone";
			};
			name = Debug;
		};
		B40DB9D6243F39C300504B05 /* Release */ = {
			isa = XCBuildConfiguration;
			buildSettings = {
				ALWAYS_SEARCH_USER_PATHS = NO;
				CLANG_ANALYZER_NONNULL = YES;
				CLANG_ANALYZER_NUMBER_OBJECT_CONVERSION = YES_AGGRESSIVE;
				CLANG_CXX_LANGUAGE_STANDARD = "gnu++14";
				CLANG_CXX_LIBRARY = "libc++";
				CLANG_ENABLE_MODULES = YES;
				CLANG_ENABLE_OBJC_ARC = YES;
				CLANG_ENABLE_OBJC_WEAK = YES;
				CLANG_WARN_BLOCK_CAPTURE_AUTORELEASING = YES;
				CLANG_WARN_BOOL_CONVERSION = YES;
				CLANG_WARN_COMMA = YES;
				CLANG_WARN_CONSTANT_CONVERSION = YES;
				CLANG_WARN_DEPRECATED_OBJC_IMPLEMENTATIONS = YES;
				CLANG_WARN_DIRECT_OBJC_ISA_USAGE = YES_ERROR;
				CLANG_WARN_DOCUMENTATION_COMMENTS = YES;
				CLANG_WARN_EMPTY_BODY = YES;
				CLANG_WARN_ENUM_CONVERSION = YES;
				CLANG_WARN_INFINITE_RECURSION = YES;
				CLANG_WARN_INT_CONVERSION = YES;
				CLANG_WARN_NON_LITERAL_NULL_CONVERSION = YES;
				CLANG_WARN_OBJC_IMPLICIT_RETAIN_SELF = YES;
				CLANG_WARN_OBJC_LITERAL_CONVERSION = YES;
				CLANG_WARN_OBJC_ROOT_CLASS = YES_ERROR;
				CLANG_WARN_RANGE_LOOP_ANALYSIS = YES;
				CLANG_WARN_STRICT_PROTOTYPES = YES;
				CLANG_WARN_SUSPICIOUS_MOVE = YES;
				CLANG_WARN_UNGUARDED_AVAILABILITY = YES_AGGRESSIVE;
				CLANG_WARN_UNREACHABLE_CODE = YES;
				CLANG_WARN__DUPLICATE_METHOD_MATCH = YES;
				COPY_PHASE_STRIP = NO;
				DEBUG_INFORMATION_FORMAT = "dwarf-with-dsym";
				ENABLE_NS_ASSERTIONS = NO;
				ENABLE_STRICT_OBJC_MSGSEND = YES;
				GCC_C_LANGUAGE_STANDARD = gnu11;
				GCC_NO_COMMON_BLOCKS = YES;
				GCC_WARN_64_TO_32_BIT_CONVERSION = YES;
				GCC_WARN_ABOUT_RETURN_TYPE = YES_ERROR;
				GCC_WARN_UNDECLARED_SELECTOR = YES;
				GCC_WARN_UNINITIALIZED_AUTOS = YES_AGGRESSIVE;
				GCC_WARN_UNUSED_FUNCTION = YES;
				GCC_WARN_UNUSED_VARIABLE = YES;
				IPHONEOS_DEPLOYMENT_TARGET = 13.2;
				MTL_ENABLE_DEBUG_INFO = NO;
				MTL_FAST_MATH = YES;
				SDKROOT = iphoneos;
				SWIFT_COMPILATION_MODE = wholemodule;
				SWIFT_OPTIMIZATION_LEVEL = "-O";
				VALIDATE_PRODUCT = YES;
			};
			name = Release;
		};
		B40DB9D8243F39C300504B05 /* Debug */ = {
			isa = XCBuildConfiguration;
			buildSettings = {
				ASSETCATALOG_COMPILER_APPICON_NAME = AppIcon;
				CODE_SIGN_STYLE = Automatic;
				DEVELOPMENT_TEAM = DGXU624J9L;
				INFOPLIST_FILE = "star-signs/Info.plist";
				LD_RUNPATH_SEARCH_PATHS = (
					"$(inherited)",
					"@executable_path/Frameworks",
				);
				PRODUCT_BUNDLE_IDENTIFIER = "Aaron-Johal.star-signs";
				PRODUCT_NAME = "$(TARGET_NAME)";
				SWIFT_VERSION = 5.0;
				TARGETED_DEVICE_FAMILY = "1,2";
			};
			name = Debug;
		};
		B40DB9D9243F39C300504B05 /* Release */ = {
			isa = XCBuildConfiguration;
			buildSettings = {
				ASSETCATALOG_COMPILER_APPICON_NAME = AppIcon;
				CODE_SIGN_STYLE = Automatic;
				DEVELOPMENT_TEAM = DGXU624J9L;
				INFOPLIST_FILE = "star-signs/Info.plist";
				LD_RUNPATH_SEARCH_PATHS = (
					"$(inherited)",
					"@executable_path/Frameworks",
				);
				PRODUCT_BUNDLE_IDENTIFIER = "Aaron-Johal.star-signs";
				PRODUCT_NAME = "$(TARGET_NAME)";
				SWIFT_VERSION = 5.0;
				TARGETED_DEVICE_FAMILY = "1,2";
			};
			name = Release;
		};
/* End XCBuildConfiguration section */

/* Begin XCConfigurationList section */
		B40DB9BE243F39C200504B05 /* Build configuration list for PBXProject "star-signs" */ = {
			isa = XCConfigurationList;
			buildConfigurations = (
				B40DB9D5243F39C300504B05 /* Debug */,
				B40DB9D6243F39C300504B05 /* Release */,
			);
			defaultConfigurationIsVisible = 0;
			defaultConfigurationName = Release;
		};
		B40DB9D7243F39C300504B05 /* Build configuration list for PBXNativeTarget "star-signs" */ = {
			isa = XCConfigurationList;
			buildConfigurations = (
				B40DB9D8243F39C300504B05 /* Debug */,
				B40DB9D9243F39C300504B05 /* Release */,
			);
			defaultConfigurationIsVisible = 0;
			defaultConfigurationName = Release;
		};
/* End XCConfigurationList section */
	};
	rootObject = B40DB9BB243F39C200504B05 /* Project object */;
}
